
Microsoft Visual Studio Solution File, Format Version 12.00
# Visual Studio 15
VisualStudioVersion = 15.0.28307.757
MinimumVisualStudioVersion = 10.0.40219.1
Project("{FAE04EC0-301F-11D3-BF4B-00C04F79EFBC}") = "PolimorfismoAbstraccion", "PolimorfismoAbstraccion\PolimorfismoAbstraccion.csproj", "{075F7168-DC61-40C3-A274-D79554D24C9E}"
EndProject
Global
	GlobalSection(SolutionConfigurationPlatforms) = preSolution
		Debug|Any CPU = Debug|Any CPU
		Release|Any CPU = Release|Any CPU
	EndGlobalSection
	GlobalSection(ProjectConfigurationPlatforms) = postSolution
		{075F7168-DC61-40C3-A274-D79554D24C9E}.Debug|Any CPU.ActiveCfg = Debug|Any CPU
		{075F7168-DC61-40C3-A274-D79554D24C9E}.Debug|Any CPU.Build.0 = Debug|Any CPU
		{075F7168-DC61-40C3-A274-D79554D24C9E}.Release|Any CPU.ActiveCfg = Release|Any CPU
		{075F7168-DC61-40C3-A274-D79554D24C9E}.Release|Any CPU.Build.0 = Release|Any CPU
	EndGlobalSection
	GlobalSection(SolutionProperties) = preSolution
		HideSolutionNode = FALSE
	EndGlobalSection
	GlobalSection(ExtensibilityGlobals) = postSolution
		SolutionGuid = {48A21285-E060-4CAD-BA08-18A654FD184B}
	EndGlobalSection
EndGlobal
